
Microsoft Visual Studio Solution File, Format Version 12.00
# Visual Studio Version 16
VisualStudioVersion = 16.0.28621.142
MinimumVisualStudioVersion = 10.0.40219.1
Project("{2150E333-8FDC-42A3-9474-1A3956D46DE8}") = "Week1", "Week1", "{CB77F3EE-98EF-4FA1-A110-3533885E066B}"
EndProject
Project("{2150E333-8FDC-42A3-9474-1A3956D46DE8}") = "MVA Lecture", "MVA Lecture", "{51634C44-27D1-460D-AFD6-211F66F9FD08}"
EndProject
Project("{FAE04EC0-301F-11D3-BF4B-00C04F79EFBC}") = "WorkingWithCollections", "Week1\MVA_Lecture\WorkingWithCollections\WorkingWithCollections.csproj", "{E4887270-687D-430A-A761-ACC943674D8A}"
EndProject
Project("{FAE04EC0-301F-11D3-BF4B-00C04F79EFBC}") = "WorkingWithLINQ", "Week1\MVA_Lecture\WorkingWithLINQ\WorkingWithLINQ.csproj", "{ED34F0CE-90E1-41A3-89CF-3283174DA168}"
EndProject
Project("{FAE04EC0-301F-11D3-BF4B-00C04F79EFBC}") = "Enumerations and the Switch Decision Statement", "Week1\MVA_Lecture\Enumerations and the Switch Decision Statement\Enumerations and the Switch Decision Statement.csproj", "{40E8A1C3-CFFC-4771-B9D6-F3E2BC97E2AF}"
EndProject
Project("{FAE04EC0-301F-11D3-BF4B-00C04F79EFBC}") = "Events", "Week1\MVA_Lecture\Events\Events.csproj", "{FD1FBA74-5E02-4979-8E2B-34AECFEEE136}"
EndProject
Project("{FAE04EC0-301F-11D3-BF4B-00C04F79EFBC}") = "WPF_Events", "Week1\MVA_Lecture\WPF_Events\WPF_Events.csproj", "{D5634570-E111-46CD-A3EE-F5F64DFC146F}"
EndProject
Project("{2150E333-8FDC-42A3-9474-1A3956D46DE8}") = "Logs", "Logs", "{C0CCD943-AEF0-4800-B1AE-2550F3FEE304}"
	ProjectSection(SolutionItems) = preProject
		Logs\Opmann_Time_recording_log.xlsx = Logs\Opmann_Time_recording_log.xlsx
	EndProjectSection
EndProject
Project("{2150E333-8FDC-42A3-9474-1A3956D46DE8}") = "Week2", "Week2", "{258690BB-9A1C-440A-A599-5E285F5EC7B0}"
EndProject
Project("{2150E333-8FDC-42A3-9474-1A3956D46DE8}") = "Lesson18", "Lesson18", "{26554DCB-AF1F-48FD-A5AB-1FD02699EFEB}"
	ProjectSection(SolutionItems) = preProject
		Week2\Lesson18\30seconds.mp4 = Week2\Lesson18\30seconds.mp4
		Week2\Lesson18\Lesson18.html = Week2\Lesson18\Lesson18.html
		Week2\Lesson18\poster.jpg = Week2\Lesson18\poster.jpg
	EndProjectSection
EndProject
Project("{2150E333-8FDC-42A3-9474-1A3956D46DE8}") = "Lesson19", "Lesson19", "{334D6B74-733C-4D5D-84B6-5B6F2E7845DE}"
	ProjectSection(SolutionItems) = preProject
		Week2\Lesson19\Lesson19.html = Week2\Lesson19\Lesson19.html
	EndProjectSection
EndProject
Project("{2150E333-8FDC-42A3-9474-1A3956D46DE8}") = "Lesson20", "Lesson20", "{9FBCDA07-200B-4668-8775-51BCF10A56EB}"
	ProjectSection(SolutionItems) = preProject
		Week2\Lesson20\copy_paste_svg.html = Week2\Lesson20\copy_paste_svg.html
		Week2\Lesson20\external_link.html = Week2\Lesson20\external_link.html
		Week2\Lesson20\Illustrator_SVG.png.png = Week2\Lesson20\Illustrator_SVG.png.png
		Week2\Lesson20\svg_interactivity.html = Week2\Lesson20\svg_interactivity.html
		Week2\Lesson20\Test.svg = Week2\Lesson20\Test.svg
	EndProjectSection
EndProject
Project("{2150E333-8FDC-42A3-9474-1A3956D46DE8}") = "Week3", "Week3", "{345853D9-7951-470D-87FA-FF9473BD7045}"
	ProjectSection(SolutionItems) = preProject
		Week3\regex.js = Week3\regex.js
	EndProjectSection
EndProject
Project("{2150E333-8FDC-42A3-9474-1A3956D46DE8}") = "Week4", "Week4", "{6C57031E-7858-4D37-B093-DF3728287805}"
EndProject
Project("{9A19103F-16F7-4668-BE54-9A1E7A4F7556}") = "Labor", "Week4\Labor\Labor.csproj", "{367E11D8-D172-4E91-BDAA-75D019C0C654}"
EndProject
Project("{9A19103F-16F7-4668-BE54-9A1E7A4F7556}") = "Facade", "Week4\Facade\Facade.csproj", "{85A998F7-F07F-4038-9AA0-EFC55DF793A3}"
EndProject
Project("{9A19103F-16F7-4668-BE54-9A1E7A4F7556}") = "Core", "Week4\Core\Core.csproj", "{86021802-B3E3-449C-A454-2232B60A24AE}"
EndProject
Project("{9A19103F-16F7-4668-BE54-9A1E7A4F7556}") = "Infra", "Week4\Infra\Infra.csproj", "{0453F440-984E-473B-AAE6-8502FC51CD7F}"
EndProject
Project("{9A19103F-16F7-4668-BE54-9A1E7A4F7556}") = "Tests", "Week4\Tests\Tests.csproj", "{EEE877CB-CB9E-45A1-A421-0D17DA61C214}"
EndProject
Project("{2150E333-8FDC-42A3-9474-1A3956D46DE8}") = "Week5", "Week5", "{CD392168-C852-4FBC-9C03-994B724BB741}"
EndProject
Project("{9A19103F-16F7-4668-BE54-9A1E7A4F7556}") = "ContosoUniversity", "Week5\ContosoUniversity\ContosoUniversity.csproj", "{0D767F03-F353-4E34-9362-401D17C9573B}"
EndProject
Project("{2150E333-8FDC-42A3-9474-1A3956D46DE8}") = "Week7", "Week7", "{E161EAA5-AB3D-460B-82D0-FC4C5C74D7CD}"
EndProject
Project("{FAE04EC0-301F-11D3-BF4B-00C04F79EFBC}") = "ContosoUniversityRazor", "Week7\ContosoUniversityRazor\ContosoUniversityRazor.csproj", "{D3180E78-DD06-4176-90CF-148C7A62E1F0}"
EndProject
Global
	GlobalSection(SolutionConfigurationPlatforms) = preSolution
		Debug|Any CPU = Debug|Any CPU
		Release|Any CPU = Release|Any CPU
	EndGlobalSection
	GlobalSection(ProjectConfigurationPlatforms) = postSolution
		{E4887270-687D-430A-A761-ACC943674D8A}.Debug|Any CPU.ActiveCfg = Debug|Any CPU
		{E4887270-687D-430A-A761-ACC943674D8A}.Debug|Any CPU.Build.0 = Debug|Any CPU
		{E4887270-687D-430A-A761-ACC943674D8A}.Release|Any CPU.ActiveCfg = Release|Any CPU
		{E4887270-687D-430A-A761-ACC943674D8A}.Release|Any CPU.Build.0 = Release|Any CPU
		{ED34F0CE-90E1-41A3-89CF-3283174DA168}.Debug|Any CPU.ActiveCfg = Debug|Any CPU
		{ED34F0CE-90E1-41A3-89CF-3283174DA168}.Debug|Any CPU.Build.0 = Debug|Any CPU
		{ED34F0CE-90E1-41A3-89CF-3283174DA168}.Release|Any CPU.ActiveCfg = Release|Any CPU
		{ED34F0CE-90E1-41A3-89CF-3283174DA168}.Release|Any CPU.Build.0 = Release|Any CPU
		{40E8A1C3-CFFC-4771-B9D6-F3E2BC97E2AF}.Debug|Any CPU.ActiveCfg = Debug|Any CPU
		{40E8A1C3-CFFC-4771-B9D6-F3E2BC97E2AF}.Debug|Any CPU.Build.0 = Debug|Any CPU
		{40E8A1C3-CFFC-4771-B9D6-F3E2BC97E2AF}.Release|Any CPU.ActiveCfg = Release|Any CPU
		{40E8A1C3-CFFC-4771-B9D6-F3E2BC97E2AF}.Release|Any CPU.Build.0 = Release|Any CPU
		{FD1FBA74-5E02-4979-8E2B-34AECFEEE136}.Debug|Any CPU.ActiveCfg = Debug|Any CPU
		{FD1FBA74-5E02-4979-8E2B-34AECFEEE136}.Debug|Any CPU.Build.0 = Debug|Any CPU
		{FD1FBA74-5E02-4979-8E2B-34AECFEEE136}.Release|Any CPU.ActiveCfg = Release|Any CPU
		{FD1FBA74-5E02-4979-8E2B-34AECFEEE136}.Release|Any CPU.Build.0 = Release|Any CPU
		{D5634570-E111-46CD-A3EE-F5F64DFC146F}.Debug|Any CPU.ActiveCfg = Debug|Any CPU
		{D5634570-E111-46CD-A3EE-F5F64DFC146F}.Debug|Any CPU.Build.0 = Debug|Any CPU
		{D5634570-E111-46CD-A3EE-F5F64DFC146F}.Release|Any CPU.ActiveCfg = Release|Any CPU
		{D5634570-E111-46CD-A3EE-F5F64DFC146F}.Release|Any CPU.Build.0 = Release|Any CPU
		{367E11D8-D172-4E91-BDAA-75D019C0C654}.Debug|Any CPU.ActiveCfg = Debug|Any CPU
		{367E11D8-D172-4E91-BDAA-75D019C0C654}.Debug|Any CPU.Build.0 = Debug|Any CPU
		{367E11D8-D172-4E91-BDAA-75D019C0C654}.Release|Any CPU.ActiveCfg = Release|Any CPU
		{367E11D8-D172-4E91-BDAA-75D019C0C654}.Release|Any CPU.Build.0 = Release|Any CPU
		{85A998F7-F07F-4038-9AA0-EFC55DF793A3}.Debug|Any CPU.ActiveCfg = Debug|Any CPU
		{85A998F7-F07F-4038-9AA0-EFC55DF793A3}.Debug|Any CPU.Build.0 = Debug|Any CPU
		{85A998F7-F07F-4038-9AA0-EFC55DF793A3}.Release|Any CPU.ActiveCfg = Release|Any CPU
		{85A998F7-F07F-4038-9AA0-EFC55DF793A3}.Release|Any CPU.Build.0 = Release|Any CPU
		{86021802-B3E3-449C-A454-2232B60A24AE}.Debug|Any CPU.ActiveCfg = Debug|Any CPU
		{86021802-B3E3-449C-A454-2232B60A24AE}.Debug|Any CPU.Build.0 = Debug|Any CPU
		{86021802-B3E3-449C-A454-2232B60A24AE}.Release|Any CPU.ActiveCfg = Release|Any CPU
		{86021802-B3E3-449C-A454-2232B60A24AE}.Release|Any CPU.Build.0 = Release|Any CPU
		{0453F440-984E-473B-AAE6-8502FC51CD7F}.Debug|Any CPU.ActiveCfg = Debug|Any CPU
		{0453F440-984E-473B-AAE6-8502FC51CD7F}.Debug|Any CPU.Build.0 = Debug|Any CPU
		{0453F440-984E-473B-AAE6-8502FC51CD7F}.Release|Any CPU.ActiveCfg = Release|Any CPU
		{0453F440-984E-473B-AAE6-8502FC51CD7F}.Release|Any CPU.Build.0 = Release|Any CPU
		{EEE877CB-CB9E-45A1-A421-0D17DA61C214}.Debug|Any CPU.ActiveCfg = Debug|Any CPU
		{EEE877CB-CB9E-45A1-A421-0D17DA61C214}.Debug|Any CPU.Build.0 = Debug|Any CPU
		{EEE877CB-CB9E-45A1-A421-0D17DA61C214}.Release|Any CPU.ActiveCfg = Release|Any CPU
		{EEE877CB-CB9E-45A1-A421-0D17DA61C214}.Release|Any CPU.Build.0 = Release|Any CPU
		{0D767F03-F353-4E34-9362-401D17C9573B}.Debug|Any CPU.ActiveCfg = Debug|Any CPU
		{0D767F03-F353-4E34-9362-401D17C9573B}.Debug|Any CPU.Build.0 = Debug|Any CPU
		{0D767F03-F353-4E34-9362-401D17C9573B}.Release|Any CPU.ActiveCfg = Release|Any CPU
		{0D767F03-F353-4E34-9362-401D17C9573B}.Release|Any CPU.Build.0 = Release|Any CPU
		{D3180E78-DD06-4176-90CF-148C7A62E1F0}.Debug|Any CPU.ActiveCfg = Debug|Any CPU
		{D3180E78-DD06-4176-90CF-148C7A62E1F0}.Debug|Any CPU.Build.0 = Debug|Any CPU
		{D3180E78-DD06-4176-90CF-148C7A62E1F0}.Release|Any CPU.ActiveCfg = Release|Any CPU
		{D3180E78-DD06-4176-90CF-148C7A62E1F0}.Release|Any CPU.Build.0 = Release|Any CPU
	EndGlobalSection
	GlobalSection(SolutionProperties) = preSolution
		HideSolutionNode = FALSE
	EndGlobalSection
	GlobalSection(NestedProjects) = preSolution
		{51634C44-27D1-460D-AFD6-211F66F9FD08} = {CB77F3EE-98EF-4FA1-A110-3533885E066B}
		{E4887270-687D-430A-A761-ACC943674D8A} = {51634C44-27D1-460D-AFD6-211F66F9FD08}
		{ED34F0CE-90E1-41A3-89CF-3283174DA168} = {51634C44-27D1-460D-AFD6-211F66F9FD08}
		{40E8A1C3-CFFC-4771-B9D6-F3E2BC97E2AF} = {51634C44-27D1-460D-AFD6-211F66F9FD08}
		{FD1FBA74-5E02-4979-8E2B-34AECFEEE136} = {51634C44-27D1-460D-AFD6-211F66F9FD08}
		{D5634570-E111-46CD-A3EE-F5F64DFC146F} = {51634C44-27D1-460D-AFD6-211F66F9FD08}
		{26554DCB-AF1F-48FD-A5AB-1FD02699EFEB} = {258690BB-9A1C-440A-A599-5E285F5EC7B0}
		{334D6B74-733C-4D5D-84B6-5B6F2E7845DE} = {258690BB-9A1C-440A-A599-5E285F5EC7B0}
		{9FBCDA07-200B-4668-8775-51BCF10A56EB} = {258690BB-9A1C-440A-A599-5E285F5EC7B0}
		{367E11D8-D172-4E91-BDAA-75D019C0C654} = {6C57031E-7858-4D37-B093-DF3728287805}
		{85A998F7-F07F-4038-9AA0-EFC55DF793A3} = {6C57031E-7858-4D37-B093-DF3728287805}
		{86021802-B3E3-449C-A454-2232B60A24AE} = {6C57031E-7858-4D37-B093-DF3728287805}
		{0453F440-984E-473B-AAE6-8502FC51CD7F} = {6C57031E-7858-4D37-B093-DF3728287805}
		{EEE877CB-CB9E-45A1-A421-0D17DA61C214} = {6C57031E-7858-4D37-B093-DF3728287805}
		{0D767F03-F353-4E34-9362-401D17C9573B} = {CD392168-C852-4FBC-9C03-994B724BB741}
		{D3180E78-DD06-4176-90CF-148C7A62E1F0} = {E161EAA5-AB3D-460B-82D0-FC4C5C74D7CD}
	EndGlobalSection
	GlobalSection(ExtensibilityGlobals) = postSolution
		SolutionGuid = {AA9D7710-18BD-42E4-B258-BF52882D8654}
	EndGlobalSection
EndGlobal
